{
  "name": "code",
  "version": "1.0.0",
  "lockfileVersion": 2,
  "requires": true,
  "packages": {
    "": {
      "name": "code",
      "version": "1.0.0",
      "license": "ISC",
      "dependencies": {
        "node_module": "^0.0.0"
      }
    },
    "node_modules/node_module": {
      "version": "0.0.0",
      "resolved": "https://registry.npmjs.org/node_module/-/node_module-0.0.0.tgz",
      "integrity": "sha1-Pcf9TMJTc7KQz951HtWfpXnMNsA="
    }
  },
  "dependencies": {
    "node_module": {
      "version": "0.0.0",
      "resolved": "https://registry.npmjs.org/node_module/-/node_module-0.0.0.tgz",
      "integrity": "sha1-Pcf9TMJTc7KQz951HtWfpXnMNsA="
    }
  }
}
